
Microsoft Visual Studio Solution File, Format Version 12.00
# Visual Studio Version 16
VisualStudioVersion = 16.0.32630.194
MinimumVisualStudioVersion = 10.0.40219.1
Project("{FAE04EC0-301F-11D3-BF4B-00C04F79EFBC}") = "Destructor", "Destructor\Destructor.csproj", "{7F452C91-F5E5-42FE-9063-670F6BC3D683}"
EndProject
Global
	GlobalSection(SolutionConfigurationPlatforms) = preSolution
		Debug|Any CPU = Debug|Any CPU
		Release|Any CPU = Release|Any CPU
	EndGlobalSection
	GlobalSection(ProjectConfigurationPlatforms) = postSolution
		{7F452C91-F5E5-42FE-9063-670F6BC3D683}.Debug|Any CPU.ActiveCfg = Debug|Any CPU
		{7F452C91-F5E5-42FE-9063-670F6BC3D683}.Debug|Any CPU.Build.0 = Debug|Any CPU
		{7F452C91-F5E5-42FE-9063-670F6BC3D683}.Release|Any CPU.ActiveCfg = Release|Any CPU
		{7F452C91-F5E5-42FE-9063-670F6BC3D683}.Release|Any CPU.Build.0 = Release|Any CPU
	EndGlobalSection
	GlobalSection(SolutionProperties) = preSolution
		HideSolutionNode = FALSE
	EndGlobalSection
	GlobalSection(ExtensibilityGlobals) = postSolution
		SolutionGuid = {79C7CD91-9234-4F25-9E5A-702BDC9ECEE7}
	EndGlobalSection
EndGlobal
