
Microsoft Visual Studio Solution File, Format Version 12.00
# Visual Studio Version 16
VisualStudioVersion = 16.0.32630.194
MinimumVisualStudioVersion = 10.0.40219.1
Project("{FAE04EC0-301F-11D3-BF4B-00C04F79EFBC}") = "this", "this\this.csproj", "{522C6B65-54FE-46DD-A7E3-3FFB178C255A}"
EndProject
Global
	GlobalSection(SolutionConfigurationPlatforms) = preSolution
		Debug|Any CPU = Debug|Any CPU
		Release|Any CPU = Release|Any CPU
	EndGlobalSection
	GlobalSection(ProjectConfigurationPlatforms) = postSolution
		{522C6B65-54FE-46DD-A7E3-3FFB178C255A}.Debug|Any CPU.ActiveCfg = Debug|Any CPU
		{522C6B65-54FE-46DD-A7E3-3FFB178C255A}.Debug|Any CPU.Build.0 = Debug|Any CPU
		{522C6B65-54FE-46DD-A7E3-3FFB178C255A}.Release|Any CPU.ActiveCfg = Release|Any CPU
		{522C6B65-54FE-46DD-A7E3-3FFB178C255A}.Release|Any CPU.Build.0 = Release|Any CPU
	EndGlobalSection
	GlobalSection(SolutionProperties) = preSolution
		HideSolutionNode = FALSE
	EndGlobalSection
	GlobalSection(ExtensibilityGlobals) = postSolution
		SolutionGuid = {9A6639AC-152E-45B7-BCAC-915AD2602E99}
	EndGlobalSection
EndGlobal
